
Microsoft Visual Studio Solution File, Format Version 12.00
# Visual Studio 15
VisualStudioVersion = 15.0.28010.2016
MinimumVisualStudioVersion = 10.0.40219.1
Project("{FAE04EC0-301F-11D3-BF4B-00C04F79EFBC}") = "AIWenzhang", "AIWenzhang\AIWenzhang.csproj", "{DABE767E-F99F-4BE3-82EE-6D5967B468B3}"
EndProject
Global
	GlobalSection(SolutionConfigurationPlatforms) = preSolution
		Debug|Any CPU = Debug|Any CPU
		Release|Any CPU = Release|Any CPU
	EndGlobalSection
	GlobalSection(ProjectConfigurationPlatforms) = postSolution
		{DABE767E-F99F-4BE3-82EE-6D5967B468B3}.Debug|Any CPU.ActiveCfg = Debug|Any CPU
		{DABE767E-F99F-4BE3-82EE-6D5967B468B3}.Debug|Any CPU.Build.0 = Debug|Any CPU
		{DABE767E-F99F-4BE3-82EE-6D5967B468B3}.Release|Any CPU.ActiveCfg = Release|Any CPU
		{DABE767E-F99F-4BE3-82EE-6D5967B468B3}.Release|Any CPU.Build.0 = Release|Any CPU
	EndGlobalSection
	GlobalSection(SolutionProperties) = preSolution
		HideSolutionNode = FALSE
	EndGlobalSection
	GlobalSection(ExtensibilityGlobals) = postSolution
		SolutionGuid = {E85C5BAF-349F-4695-A7F1-750EBA2C8232}
	EndGlobalSection
EndGlobal
